
Microsoft Visual Studio Solution File, Format Version 12.00
# Visual Studio Version 17
VisualStudioVersion = 17.8.34316.72
MinimumVisualStudioVersion = 10.0.40219.1
Project("{2150E333-8FDC-42A3-9474-1A3956D46DE8}") = "Libs", "Libs", "{17E30E5F-0AB5-429C-85EE-A27930C60816}"
EndProject
Project("{2150E333-8FDC-42A3-9474-1A3956D46DE8}") = "UI", "UI", "{939B3744-4380-448D-B8A9-ADE803E0D541}"
EndProject
Project("{FAE04EC0-301F-11D3-BF4B-00C04F79EFBC}") = "suivi-de-drones.Web.UI", "suivi-de-drones.Web.UI\suivi-de-drones.Web.UI.csproj", "{80866530-23AF-4C1D-9A96-3AC5943B905B}"
EndProject
Project("{FAE04EC0-301F-11D3-BF4B-00C04F79EFBC}") = "suivi-de-drones.Core.Models", "suivi-de-drones.Core\suivi-de-drones.Core.Models.csproj", "{2E417CDE-632C-4703-B287-8170EAE0EFB2}"
EndProject
Global
	GlobalSection(SolutionConfigurationPlatforms) = preSolution
		Debug|Any CPU = Debug|Any CPU
		Release|Any CPU = Release|Any CPU
	EndGlobalSection
	GlobalSection(ProjectConfigurationPlatforms) = postSolution
		{80866530-23AF-4C1D-9A96-3AC5943B905B}.Debug|Any CPU.ActiveCfg = Debug|Any CPU
		{80866530-23AF-4C1D-9A96-3AC5943B905B}.Debug|Any CPU.Build.0 = Debug|Any CPU
		{80866530-23AF-4C1D-9A96-3AC5943B905B}.Release|Any CPU.ActiveCfg = Release|Any CPU
		{80866530-23AF-4C1D-9A96-3AC5943B905B}.Release|Any CPU.Build.0 = Release|Any CPU
		{2E417CDE-632C-4703-B287-8170EAE0EFB2}.Debug|Any CPU.ActiveCfg = Debug|Any CPU
		{2E417CDE-632C-4703-B287-8170EAE0EFB2}.Debug|Any CPU.Build.0 = Debug|Any CPU
		{2E417CDE-632C-4703-B287-8170EAE0EFB2}.Release|Any CPU.ActiveCfg = Release|Any CPU
		{2E417CDE-632C-4703-B287-8170EAE0EFB2}.Release|Any CPU.Build.0 = Release|Any CPU
	EndGlobalSection
	GlobalSection(SolutionProperties) = preSolution
		HideSolutionNode = FALSE
	EndGlobalSection
	GlobalSection(NestedProjects) = preSolution
		{80866530-23AF-4C1D-9A96-3AC5943B905B} = {939B3744-4380-448D-B8A9-ADE803E0D541}
		{2E417CDE-632C-4703-B287-8170EAE0EFB2} = {17E30E5F-0AB5-429C-85EE-A27930C60816}
	EndGlobalSection
	GlobalSection(ExtensibilityGlobals) = postSolution
		SolutionGuid = {F74C2080-D590-49B2-BBE5-0F53A1980475}
	EndGlobalSection
EndGlobal
